// !$*UTF8*$!
{
	archiveVersion = 1;
	classes = {
	};
	objectVersion = 50;
	objects = {

/* Begin PBXBuildFile section */
		063F18D00DFA0E5DDE4F1A17 /* Pods_RecipeSearchTests.framework in Frameworks */ = {isa = PBXBuildFile; fileRef = 2E12F6ECFBC340F0AA761CC5 /* Pods_RecipeSearchTests.framework */; };
		2BA68CFB3BB4811F1D002270 /* Pods_RecipeSearch.framework in Frameworks */ = {isa = PBXBuildFile; fileRef = 1BB16BFC2C96DB57A0E82C9C /* Pods_RecipeSearch.framework */; };
		927722BA1F986C02966733B6 /* Pods_RecipeSearch_RecipeSearchUITests.framework in Frameworks */ = {isa = PBXBuildFile; fileRef = AF5A54C0CA7500633638DE88 /* Pods_RecipeSearch_RecipeSearchUITests.framework */; };
		E3960BA127599FB900BFF33E /* AppDelegate.swift in Sources */ = {isa = PBXBuildFile; fileRef = E3960BA027599FB900BFF33E /* AppDelegate.swift */; };
		E3960BA327599FB900BFF33E /* SceneDelegate.swift in Sources */ = {isa = PBXBuildFile; fileRef = E3960BA227599FB900BFF33E /* SceneDelegate.swift */; };
		E3960BA527599FB900BFF33E /* SearchViewController.swift in Sources */ = {isa = PBXBuildFile; fileRef = E3960BA427599FB900BFF33E /* SearchViewController.swift */; };
		E3960BA827599FB900BFF33E /* Main.storyboard in Resources */ = {isa = PBXBuildFile; fileRef = E3960BA627599FB900BFF33E /* Main.storyboard */; };
		E3960BAA27599FBA00BFF33E /* Assets.xcassets in Resources */ = {isa = PBXBuildFile; fileRef = E3960BA927599FBA00BFF33E /* Assets.xcassets */; };
		E3960BAD27599FBA00BFF33E /* LaunchScreen.storyboard in Resources */ = {isa = PBXBuildFile; fileRef = E3960BAB27599FBA00BFF33E /* LaunchScreen.storyboard */; };
		E3960BB827599FBA00BFF33E /* RecipeSearchTests.swift in Sources */ = {isa = PBXBuildFile; fileRef = E3960BB727599FBA00BFF33E /* RecipeSearchTests.swift */; };
		E3960BC327599FBA00BFF33E /* RecipeSearchUITests.swift in Sources */ = {isa = PBXBuildFile; fileRef = E3960BC227599FBA00BFF33E /* RecipeSearchUITests.swift */; };
		E3C1FB40275BCF4700F21E99 /* DetailsViewController.swift in Sources */ = {isa = PBXBuildFile; fileRef = E3C1FB3F275BCF4700F21E99 /* DetailsViewController.swift */; };
		E3C1FB46275BD31500F21E99 /* FilterCell.swift in Sources */ = {isa = PBXBuildFile; fileRef = E3C1FB44275BD31500F21E99 /* FilterCell.swift */; };
		E3C1FB47275BD31600F21E99 /* FilterCell.xib in Resources */ = {isa = PBXBuildFile; fileRef = E3C1FB45275BD31500F21E99 /* FilterCell.xib */; };
		E3C1FB50275BDD6800F21E99 /* RecipeCell.swift in Sources */ = {isa = PBXBuildFile; fileRef = E3C1FB4E275BDD6800F21E99 /* RecipeCell.swift */; };
		E3C1FB51275BDD6800F21E99 /* RecipeCell.xib in Resources */ = {isa = PBXBuildFile; fileRef = E3C1FB4F275BDD6800F21E99 /* RecipeCell.xib */; };
/* End PBXBuildFile section */

/* Begin PBXContainerItemProxy section */
		E3960BB427599FBA00BFF33E /* PBXContainerItemProxy */ = {
			isa = PBXContainerItemProxy;
			containerPortal = E3960B9527599FB900BFF33E /* Project object */;
			proxyType = 1;
			remoteGlobalIDString = E3960B9C27599FB900BFF33E;
			remoteInfo = RecipeSearch;
		};
		E3960BBF27599FBA00BFF33E /* PBXContainerItemProxy */ = {
			isa = PBXContainerItemProxy;
			containerPortal = E3960B9527599FB900BFF33E /* Project object */;
			proxyType = 1;
			remoteGlobalIDString = E3960B9C27599FB900BFF33E;
			remoteInfo = RecipeSearch;
		};
/* End PBXContainerItemProxy section */

/* Begin PBXFileReference section */
		03CD5C00E5678A4BFC8F0A97 /* Pods-RecipeSearch-RecipeSearchUITests.debug.xcconfig */ = {isa = PBXFileReference; includeInIndex = 1; lastKnownFileType = text.xcconfig; name = "Pods-RecipeSearch-RecipeSearchUITests.debug.xcconfig"; path = "Target Support Files/Pods-RecipeSearch-RecipeSearchUITests/Pods-RecipeSearch-RecipeSearchUITests.debug.xcconfig"; sourceTree = "<group>"; };
		1BB16BFC2C96DB57A0E82C9C /* Pods_RecipeSearch.framework */ = {isa = PBXFileReference; explicitFileType = wrapper.framework; includeInIndex = 0; path = Pods_RecipeSearch.framework; sourceTree = BUILT_PRODUCTS_DIR; };
		2006D32FD8FA7B62A98D568A /* Pods-RecipeSearch.debug.xcconfig */ = {isa = PBXFileReference; includeInIndex = 1; lastKnownFileType = text.xcconfig; name = "Pods-RecipeSearch.debug.xcconfig"; path = "Target Support Files/Pods-RecipeSearch/Pods-RecipeSearch.debug.xcconfig"; sourceTree = "<group>"; };
		2E12F6ECFBC340F0AA761CC5 /* Pods_RecipeSearchTests.framework */ = {isa = PBXFileReference; explicitFileType = wrapper.framework; includeInIndex = 0; path = Pods_RecipeSearchTests.framework; sourceTree = BUILT_PRODUCTS_DIR; };
		8A7C2D3D7B8AEE02973D5332 /* Pods-RecipeSearch.release.xcconfig */ = {isa = PBXFileReference; includeInIndex = 1; lastKnownFileType = text.xcconfig; name = "Pods-RecipeSearch.release.xcconfig"; path = "Target Support Files/Pods-RecipeSearch/Pods-RecipeSearch.release.xcconfig"; sourceTree = "<group>"; };
		AF5A54C0CA7500633638DE88 /* Pods_RecipeSearch_RecipeSearchUITests.framework */ = {isa = PBXFileReference; explicitFileType = wrapper.framework; includeInIndex = 0; path = Pods_RecipeSearch_RecipeSearchUITests.framework; sourceTree = BUILT_PRODUCTS_DIR; };
		B5D35520BF62450E2765CDAC /* Pods-RecipeSearchTests.debug.xcconfig */ = {isa = PBXFileReference; includeInIndex = 1; lastKnownFileType = text.xcconfig; name = "Pods-RecipeSearchTests.debug.xcconfig"; path = "Target Support Files/Pods-RecipeSearchTests/Pods-RecipeSearchTests.debug.xcconfig"; sourceTree = "<group>"; };
		BEB2E5A05722866FCC62BBF7 /* Pods-RecipeSearchTests.release.xcconfig */ = {isa = PBXFileReference; includeInIndex = 1; lastKnownFileType = text.xcconfig; name = "Pods-RecipeSearchTests.release.xcconfig"; path = "Target Support Files/Pods-RecipeSearchTests/Pods-RecipeSearchTests.release.xcconfig"; sourceTree = "<group>"; };
		D56E02D16BFFDDB8F9ECCBC5 /* Pods-RecipeSearch-RecipeSearchUITests.release.xcconfig */ = {isa = PBXFileReference; includeInIndex = 1; lastKnownFileType = text.xcconfig; name = "Pods-RecipeSearch-RecipeSearchUITests.release.xcconfig"; path = "Target Support Files/Pods-RecipeSearch-RecipeSearchUITests/Pods-RecipeSearch-RecipeSearchUITests.release.xcconfig"; sourceTree = "<group>"; };
		E3960B9D27599FB900BFF33E /* RecipeSearch.app */ = {isa = PBXFileReference; explicitFileType = wrapper.application; includeInIndex = 0; path = RecipeSearch.app; sourceTree = BUILT_PRODUCTS_DIR; };
		E3960BA027599FB900BFF33E /* AppDelegate.swift */ = {isa = PBXFileReference; lastKnownFileType = sourcecode.swift; path = AppDelegate.swift; sourceTree = "<group>"; };
		E3960BA227599FB900BFF33E /* SceneDelegate.swift */ = {isa = PBXFileReference; lastKnownFileType = sourcecode.swift; path = SceneDelegate.swift; sourceTree = "<group>"; };
		E3960BA427599FB900BFF33E /* SearchViewController.swift */ = {isa = PBXFileReference; lastKnownFileType = sourcecode.swift; path = SearchViewController.swift; sourceTree = "<group>"; };
		E3960BA727599FB900BFF33E /* Base */ = {isa = PBXFileReference; lastKnownFileType = file.storyboard; name = Base; path = Base.lproj/Main.storyboard; sourceTree = "<group>"; };
		E3960BA927599FBA00BFF33E /* Assets.xcassets */ = {isa = PBXFileReference; lastKnownFileType = folder.assetcatalog; path = Assets.xcassets; sourceTree = "<group>"; };
		E3960BAC27599FBA00BFF33E /* Base */ = {isa = PBXFileReference; lastKnownFileType = file.storyboard; name = Base; path = Base.lproj/LaunchScreen.storyboard; sourceTree = "<group>"; };
		E3960BAE27599FBA00BFF33E /* Info.plist */ = {isa = PBXFileReference; lastKnownFileType = text.plist.xml; path = Info.plist; sourceTree = "<group>"; };
		E3960BB327599FBA00BFF33E /* RecipeSearchTests.xctest */ = {isa = PBXFileReference; explicitFileType = wrapper.cfbundle; includeInIndex = 0; path = RecipeSearchTests.xctest; sourceTree = BUILT_PRODUCTS_DIR; };
		E3960BB727599FBA00BFF33E /* RecipeSearchTests.swift */ = {isa = PBXFileReference; lastKnownFileType = sourcecode.swift; path = RecipeSearchTests.swift; sourceTree = "<group>"; };
		E3960BB927599FBA00BFF33E /* Info.plist */ = {isa = PBXFileReference; lastKnownFileType = text.plist.xml; path = Info.plist; sourceTree = "<group>"; };
		E3960BBE27599FBA00BFF33E /* RecipeSearchUITests.xctest */ = {isa = PBXFileReference; explicitFileType = wrapper.cfbundle; includeInIndex = 0; path = RecipeSearchUITests.xctest; sourceTree = BUILT_PRODUCTS_DIR; };
		E3960BC227599FBA00BFF33E /* RecipeSearchUITests.swift */ = {isa = PBXFileReference; lastKnownFileType = sourcecode.swift; path = RecipeSearchUITests.swift; sourceTree = "<group>"; };
		E3960BC427599FBA00BFF33E /* Info.plist */ = {isa = PBXFileReference; lastKnownFileType = text.plist.xml; path = Info.plist; sourceTree = "<group>"; };
		E3C1FB3F275BCF4700F21E99 /* DetailsViewController.swift */ = {isa = PBXFileReference; lastKnownFileType = sourcecode.swift; path = DetailsViewController.swift; sourceTree = "<group>"; };
		E3C1FB44275BD31500F21E99 /* FilterCell.swift */ = {isa = PBXFileReference; lastKnownFileType = sourcecode.swift; path = FilterCell.swift; sourceTree = "<group>"; };
		E3C1FB45275BD31500F21E99 /* FilterCell.xib */ = {isa = PBXFileReference; lastKnownFileType = file.xib; path = FilterCell.xib; sourceTree = "<group>"; };
		E3C1FB4E275BDD6800F21E99 /* RecipeCell.swift */ = {isa = PBXFileReference; lastKnownFileType = sourcecode.swift; path = RecipeCell.swift; sourceTree = "<group>"; };
		E3C1FB4F275BDD6800F21E99 /* RecipeCell.xib */ = {isa = PBXFileReference; lastKnownFileType = file.xib; path = RecipeCell.xib; sourceTree = "<group>"; };
/* End PBXFileReference section */

/* Begin PBXFrameworksBuildPhase section */
		E3960B9A27599FB900BFF33E /* Frameworks */ = {
			isa = PBXFrameworksBuildPhase;
			buildActionMask = 2147483647;
			files = (
				2BA68CFB3BB4811F1D002270 /* Pods_RecipeSearch.framework in Frameworks */,
			);
			runOnlyForDeploymentPostprocessing = 0;
		};
		E3960BB027599FBA00BFF33E /* Frameworks */ = {
			isa = PBXFrameworksBuildPhase;
			buildActionMask = 2147483647;
			files = (
				063F18D00DFA0E5DDE4F1A17 /* Pods_RecipeSearchTests.framework in Frameworks */,
			);
			runOnlyForDeploymentPostprocessing = 0;
		};
		E3960BBB27599FBA00BFF33E /* Frameworks */ = {
			isa = PBXFrameworksBuildPhase;
			buildActionMask = 2147483647;
			files = (
				927722BA1F986C02966733B6 /* Pods_RecipeSearch_RecipeSearchUITests.framework in Frameworks */,
			);
			runOnlyForDeploymentPostprocessing = 0;
		};
/* End PBXFrameworksBuildPhase section */

/* Begin PBXGroup section */
		0014CC06BFEE60FC82E05E99 /* Frameworks */ = {
			isa = PBXGroup;
			children = (
				1BB16BFC2C96DB57A0E82C9C /* Pods_RecipeSearch.framework */,
				AF5A54C0CA7500633638DE88 /* Pods_RecipeSearch_RecipeSearchUITests.framework */,
				2E12F6ECFBC340F0AA761CC5 /* Pods_RecipeSearchTests.framework */,
			);
			name = Frameworks;
			sourceTree = "<group>";
		};
		E3960B9427599FB900BFF33E = {
			isa = PBXGroup;
			children = (
				E3960B9F27599FB900BFF33E /* RecipeSearch */,
				E3960BB627599FBA00BFF33E /* RecipeSearchTests */,
				E3960BC127599FBA00BFF33E /* RecipeSearchUITests */,
				E3960B9E27599FB900BFF33E /* Products */,
				EF16416CF04A26689BB8EF9A /* Pods */,
				0014CC06BFEE60FC82E05E99 /* Frameworks */,
			);
			sourceTree = "<group>";
		};
		E3960B9E27599FB900BFF33E /* Products */ = {
			isa = PBXGroup;
			children = (
				E3960B9D27599FB900BFF33E /* RecipeSearch.app */,
				E3960BB327599FBA00BFF33E /* RecipeSearchTests.xctest */,
				E3960BBE27599FBA00BFF33E /* RecipeSearchUITests.xctest */,
			);
			name = Products;
			sourceTree = "<group>";
		};
		E3960B9F27599FB900BFF33E /* RecipeSearch */ = {
			isa = PBXGroup;
			children = (
				E3C1FB58275BDDA600F21E99 /* Application */,
				E3C1FB57275BDD9700F21E99 /* Controller */,
				E3C1FB56275BDD8A00F21E99 /* View */,
				E3C1FB55275BDD7F00F21E99 /* Model */,
				E3960BA927599FBA00BFF33E /* Assets.xcassets */,
				E3960BAE27599FBA00BFF33E /* Info.plist */,
			);
			path = RecipeSearch;
			sourceTree = "<group>";
		};
		E3960BB627599FBA00BFF33E /* RecipeSearchTests */ = {
			isa = PBXGroup;
			children = (
				E3960BB727599FBA00BFF33E /* RecipeSearchTests.swift */,
				E3960BB927599FBA00BFF33E /* Info.plist */,
			);
			path = RecipeSearchTests;
			sourceTree = "<group>";
		};
		E3960BC127599FBA00BFF33E /* RecipeSearchUITests */ = {
			isa = PBXGroup;
			children = (
				E3960BC227599FBA00BFF33E /* RecipeSearchUITests.swift */,
				E3960BC427599FBA00BFF33E /* Info.plist */,
			);
			path = RecipeSearchUITests;
			sourceTree = "<group>";
		};
		E3C1FB55275BDD7F00F21E99 /* Model */ = {
			isa = PBXGroup;
			children = (
			);
			path = Model;
			sourceTree = "<group>";
		};
		E3C1FB56275BDD8A00F21E99 /* View */ = {
			isa = PBXGroup;
			children = (
				E3C1FB59275BDDE400F21E99 /* Shared */,
				E3960BA627599FB900BFF33E /* Main.storyboard */,
				E3960BAB27599FBA00BFF33E /* LaunchScreen.storyboard */,
			);
			path = View;
			sourceTree = "<group>";
		};
		E3C1FB57275BDD9700F21E99 /* Controller */ = {
			isa = PBXGroup;
			children = (
				E3960BA427599FB900BFF33E /* SearchViewController.swift */,
				E3C1FB3F275BCF4700F21E99 /* DetailsViewController.swift */,
			);
			path = Controller;
			sourceTree = "<group>";
		};
		E3C1FB58275BDDA600F21E99 /* Application */ = {
			isa = PBXGroup;
			children = (
				E3960BA027599FB900BFF33E /* AppDelegate.swift */,
				E3960BA227599FB900BFF33E /* SceneDelegate.swift */,
			);
			path = Application;
			sourceTree = "<group>";
		};
		E3C1FB59275BDDE400F21E99 /* Shared */ = {
			isa = PBXGroup;
			children = (
				E3C1FB5A275BDDFF00F21E99 /* FilterCell */,
				E3C1FB5E275BDE2800F21E99 /* RecipeCell */,
			);
			path = Shared;
			sourceTree = "<group>";
		};
		E3C1FB5A275BDDFF00F21E99 /* FilterCell */ = {
			isa = PBXGroup;
			children = (
				E3C1FB44275BD31500F21E99 /* FilterCell.swift */,
				E3C1FB45275BD31500F21E99 /* FilterCell.xib */,
			);
			path = FilterCell;
			sourceTree = "<group>";
		};
		E3C1FB5E275BDE2800F21E99 /* RecipeCell */ = {
			isa = PBXGroup;
			children = (
				E3C1FB4E275BDD6800F21E99 /* RecipeCell.swift */,
				E3C1FB4F275BDD6800F21E99 /* RecipeCell.xib */,
			);
			path = RecipeCell;
			sourceTree = "<group>";
		};
		EF16416CF04A26689BB8EF9A /* Pods */ = {
			isa = PBXGroup;
			children = (
				2006D32FD8FA7B62A98D568A /* Pods-RecipeSearch.debug.xcconfig */,
				8A7C2D3D7B8AEE02973D5332 /* Pods-RecipeSearch.release.xcconfig */,
				03CD5C00E5678A4BFC8F0A97 /* Pods-RecipeSearch-RecipeSearchUITests.debug.xcconfig */,
				D56E02D16BFFDDB8F9ECCBC5 /* Pods-RecipeSearch-RecipeSearchUITests.release.xcconfig */,
				B5D35520BF62450E2765CDAC /* Pods-RecipeSearchTests.debug.xcconfig */,
				BEB2E5A05722866FCC62BBF7 /* Pods-RecipeSearchTests.release.xcconfig */,
			);
			name = Pods;
			path = Pods;
			sourceTree = "<group>";
		};
/* End PBXGroup section */

/* Begin PBXNativeTarget section */
		E3960B9C27599FB900BFF33E /* RecipeSearch */ = {
			isa = PBXNativeTarget;
			buildConfigurationList = E3960BC727599FBA00BFF33E /* Build configuration list for PBXNativeTarget "RecipeSearch" */;
			buildPhases = (
				A8EC673BD64D385EC8718462 /* [CP] Check Pods Manifest.lock */,
				E3960B9927599FB900BFF33E /* Sources */,
				E3960B9A27599FB900BFF33E /* Frameworks */,
				E3960B9B27599FB900BFF33E /* Resources */,
				B09C9AE5970D062AE62B67C7 /* [CP] Embed Pods Frameworks */,
			);
			buildRules = (
			);
			dependencies = (
			);
			name = RecipeSearch;
			productName = RecipeSearch;
			productReference = E3960B9D27599FB900BFF33E /* RecipeSearch.app */;
			productType = "com.apple.product-type.application";
		};
		E3960BB227599FBA00BFF33E /* RecipeSearchTests */ = {
			isa = PBXNativeTarget;
			buildConfigurationList = E3960BCA27599FBA00BFF33E /* Build configuration list for PBXNativeTarget "RecipeSearchTests" */;
			buildPhases = (
				D192B1B382B0F303D17096E5 /* [CP] Check Pods Manifest.lock */,
				E3960BAF27599FBA00BFF33E /* Sources */,
				E3960BB027599FBA00BFF33E /* Frameworks */,
				E3960BB127599FBA00BFF33E /* Resources */,
			);
			buildRules = (
			);
			dependencies = (
				E3960BB527599FBA00BFF33E /* PBXTargetDependency */,
			);
			name = RecipeSearchTests;
			productName = RecipeSearchTests;
			productReference = E3960BB327599FBA00BFF33E /* RecipeSearchTests.xctest */;
			productType = "com.apple.product-type.bundle.unit-test";
		};
		E3960BBD27599FBA00BFF33E /* RecipeSearchUITests */ = {
			isa = PBXNativeTarget;
			buildConfigurationList = E3960BCD27599FBA00BFF33E /* Build configuration list for PBXNativeTarget "RecipeSearchUITests" */;
			buildPhases = (
				496C9331CDC042CB4ABDD6A9 /* [CP] Check Pods Manifest.lock */,
				E3960BBA27599FBA00BFF33E /* Sources */,
				E3960BBB27599FBA00BFF33E /* Frameworks */,
				E3960BBC27599FBA00BFF33E /* Resources */,
				5920F8254BC4A9F7EC106A4A /* [CP] Embed Pods Frameworks */,
			);
			buildRules = (
			);
			dependencies = (
				E3960BC027599FBA00BFF33E /* PBXTargetDependency */,
			);
			name = RecipeSearchUITests;
			productName = RecipeSearchUITests;
			productReference = E3960BBE27599FBA00BFF33E /* RecipeSearchUITests.xctest */;
			productType = "com.apple.product-type.bundle.ui-testing";
		};
/* End PBXNativeTarget section */

/* Begin PBXProject section */
		E3960B9527599FB900BFF33E /* Project object */ = {
			isa = PBXProject;
			attributes = {
				LastSwiftUpdateCheck = 1240;
				LastUpgradeCheck = 1240;
				TargetAttributes = {
					E3960B9C27599FB900BFF33E = {
						CreatedOnToolsVersion = 12.4;
					};
					E3960BB227599FBA00BFF33E = {
						CreatedOnToolsVersion = 12.4;
						TestTargetID = E3960B9C27599FB900BFF33E;
					};
					E3960BBD27599FBA00BFF33E = {
						CreatedOnToolsVersion = 12.4;
						TestTargetID = E3960B9C27599FB900BFF33E;
					};
				};
			};
			buildConfigurationList = E3960B9827599FB900BFF33E /* Build configuration list for PBXProject "RecipeSearch" */;
			compatibilityVersion = "Xcode 9.3";
			developmentRegion = en;
			hasScannedForEncodings = 0;
			knownRegions = (
				en,
				Base,
			);
			mainGroup = E3960B9427599FB900BFF33E;
			productRefGroup = E3960B9E27599FB900BFF33E /* Products */;
			projectDirPath = "";
			projectRoot = "";
			targets = (
				E3960B9C27599FB900BFF33E /* RecipeSearch */,
				E3960BB227599FBA00BFF33E /* RecipeSearchTests */,
				E3960BBD27599FBA00BFF33E /* RecipeSearchUITests */,
			);
		};
/* End PBXProject section */

/* Begin PBXResourcesBuildPhase section */
		E3960B9B27599FB900BFF33E /* Resources */ = {
			isa = PBXResourcesBuildPhase;
			buildActionMask = 2147483647;
			files = (
				E3960BAD27599FBA00BFF33E /* LaunchScreen.storyboard in Resources */,
				E3C1FB47275BD31600F21E99 /* FilterCell.xib in Resources */,
				E3C1FB51275BDD6800F21E99 /* RecipeCell.xib in Resources */,
				E3960BAA27599FBA00BFF33E /* Assets.xcassets in Resources */,
				E3960BA827599FB900BFF33E /* Main.storyboard in Resources */,
			);
			runOnlyForDeploymentPostprocessing = 0;
		};
		E3960BB127599FBA00BFF33E /* Resources */ = {
			isa = PBXResourcesBuildPhase;
			buildActionMask = 2147483647;
			files = (
			);
			runOnlyForDeploymentPostprocessing = 0;
		};
		E3960BBC27599FBA00BFF33E /* Resources */ = {
			isa = PBXResourcesBuildPhase;
			buildActionMask = 2147483647;
			files = (
			);
			runOnlyForDeploymentPostprocessing = 0;
		};
/* End PBXResourcesBuildPhase section */

/* Begin PBXShellScriptBuildPhase section */
		496C9331CDC042CB4ABDD6A9 /* [CP] Check Pods Manifest.lock */ = {
			isa = PBXShellScriptBuildPhase;
			buildActionMask = 2147483647;
			files = (
			);
			inputFileListPaths = (
			);
			inputPaths = (
				"${PODS_PODFILE_DIR_PATH}/Podfile.lock",
				"${PODS_ROOT}/Manifest.lock",
			);
			name = "[CP] Check Pods Manifest.lock";
			outputFileListPaths = (
			);
			outputPaths = (
				"$(DERIVED_FILE_DIR)/Pods-RecipeSearch-RecipeSearchUITests-checkManifestLockResult.txt",
			);
			runOnlyForDeploymentPostprocessing = 0;
			shellPath = /bin/sh;
			shellScript = "diff \"${PODS_PODFILE_DIR_PATH}/Podfile.lock\" \"${PODS_ROOT}/Manifest.lock\" > /dev/null\nif [ $? != 0 ] ; then\n    # print error to STDERR\n    echo \"error: The sandbox is not in sync with the Podfile.lock. Run 'pod install' or update your CocoaPods installation.\" >&2\n    exit 1\nfi\n# This output is used by Xcode 'outputs' to avoid re-running this script phase.\necho \"SUCCESS\" > \"${SCRIPT_OUTPUT_FILE_0}\"\n";
			showEnvVarsInLog = 0;
		};
		5920F8254BC4A9F7EC106A4A /* [CP] Embed Pods Frameworks */ = {
			isa = PBXShellScriptBuildPhase;
			buildActionMask = 2147483647;
			files = (
			);
			inputFileListPaths = (
				"${PODS_ROOT}/Target Support Files/Pods-RecipeSearch-RecipeSearchUITests/Pods-RecipeSearch-RecipeSearchUITests-frameworks-${CONFIGURATION}-input-files.xcfilelist",
			);
			name = "[CP] Embed Pods Frameworks";
			outputFileListPaths = (
				"${PODS_ROOT}/Target Support Files/Pods-RecipeSearch-RecipeSearchUITests/Pods-RecipeSearch-RecipeSearchUITests-frameworks-${CONFIGURATION}-output-files.xcfilelist",
			);
			runOnlyForDeploymentPostprocessing = 0;
			shellPath = /bin/sh;
			shellScript = "\"${PODS_ROOT}/Target Support Files/Pods-RecipeSearch-RecipeSearchUITests/Pods-RecipeSearch-RecipeSearchUITests-frameworks.sh\"\n";
			showEnvVarsInLog = 0;
		};
		A8EC673BD64D385EC8718462 /* [CP] Check Pods Manifest.lock */ = {
			isa = PBXShellScriptBuildPhase;
			buildActionMask = 2147483647;
			files = (
			);
			inputFileListPaths = (
			);
			inputPaths = (
				"${PODS_PODFILE_DIR_PATH}/Podfile.lock",
				"${PODS_ROOT}/Manifest.lock",
			);
			name = "[CP] Check Pods Manifest.lock";
			outputFileListPaths = (
			);
			outputPaths = (
				"$(DERIVED_FILE_DIR)/Pods-RecipeSearch-checkManifestLockResult.txt",
			);
			runOnlyForDeploymentPostprocessing = 0;
			shellPath = /bin/sh;
			shellScript = "diff \"${PODS_PODFILE_DIR_PATH}/Podfile.lock\" \"${PODS_ROOT}/Manifest.lock\" > /dev/null\nif [ $? != 0 ] ; then\n    # print error to STDERR\n    echo \"error: The sandbox is not in sync with the Podfile.lock. Run 'pod install' or update your CocoaPods installation.\" >&2\n    exit 1\nfi\n# This output is used by Xcode 'outputs' to avoid re-running this script phase.\necho \"SUCCESS\" > \"${SCRIPT_OUTPUT_FILE_0}\"\n";
			showEnvVarsInLog = 0;
		};
		B09C9AE5970D062AE62B67C7 /* [CP] Embed Pods Frameworks */ = {
			isa = PBXShellScriptBuildPhase;
			buildActionMask = 2147483647;
			files = (
			);
			inputFileListPaths = (
				"${PODS_ROOT}/Target Support Files/Pods-RecipeSearch/Pods-RecipeSearch-frameworks-${CONFIGURATION}-input-files.xcfilelist",
			);
			name = "[CP] Embed Pods Frameworks";
			outputFileListPaths = (
				"${PODS_ROOT}/Target Support Files/Pods-RecipeSearch/Pods-RecipeSearch-frameworks-${CONFIGURATION}-output-files.xcfilelist",
			);
			runOnlyForDeploymentPostprocessing = 0;
			shellPath = /bin/sh;
			shellScript = "\"${PODS_ROOT}/Target Support Files/Pods-RecipeSearch/Pods-RecipeSearch-frameworks.sh\"\n";
			showEnvVarsInLog = 0;
		};
		D192B1B382B0F303D17096E5 /* [CP] Check Pods Manifest.lock */ = {
			isa = PBXShellScriptBuildPhase;
			buildActionMask = 2147483647;
			files = (
			);
			inputFileListPaths = (
			);
			inputPaths = (
				"${PODS_PODFILE_DIR_PATH}/Podfile.lock",
				"${PODS_ROOT}/Manifest.lock",
			);
			name = "[CP] Check Pods Manifest.lock";
			outputFileListPaths = (
			);
			outputPaths = (
				"$(DERIVED_FILE_DIR)/Pods-RecipeSearchTests-checkManifestLockResult.txt",
			);
			runOnlyForDeploymentPostprocessing = 0;
			shellPath = /bin/sh;
			shellScript = "diff \"${PODS_PODFILE_DIR_PATH}/Podfile.lock\" \"${PODS_ROOT}/Manifest.lock\" > /dev/null\nif [ $? != 0 ] ; then\n    # print error to STDERR\n    echo \"error: The sandbox is not in sync with the Podfile.lock. Run 'pod install' or update your CocoaPods installation.\" >&2\n    exit 1\nfi\n# This output is used by Xcode 'outputs' to avoid re-running this script phase.\necho \"SUCCESS\" > \"${SCRIPT_OUTPUT_FILE_0}\"\n";
			showEnvVarsInLog = 0;
		};
/* End PBXShellScriptBuildPhase section */

/* Begin PBXSourcesBuildPhase section */
		E3960B9927599FB900BFF33E /* Sources */ = {
			isa = PBXSourcesBuildPhase;
			buildActionMask = 2147483647;
			files = (
				E3960BA527599FB900BFF33E /* SearchViewController.swift in Sources */,
				E3960BA127599FB900BFF33E /* AppDelegate.swift in Sources */,
				E3960BA327599FB900BFF33E /* SceneDelegate.swift in Sources */,
				E3C1FB50275BDD6800F21E99 /* RecipeCell.swift in Sources */,
				E3C1FB40275BCF4700F21E99 /* DetailsViewController.swift in Sources */,
				E3C1FB46275BD31500F21E99 /* FilterCell.swift in Sources */,
			);
			runOnlyForDeploymentPostprocessing = 0;
		};
		E3960BAF27599FBA00BFF33E /* Sources */ = {
			isa = PBXSourcesBuildPhase;
			buildActionMask = 2147483647;
			files = (
				E3960BB827599FBA00BFF33E /* RecipeSearchTests.swift in Sources */,
			);
			runOnlyForDeploymentPostprocessing = 0;
		};
		E3960BBA27599FBA00BFF33E /* Sources */ = {
			isa = PBXSourcesBuildPhase;
			buildActionMask = 2147483647;
			files = (
				E3960BC327599FBA00BFF33E /* RecipeSearchUITests.swift in Sources */,
			);
			runOnlyForDeploymentPostprocessing = 0;
		};
/* End PBXSourcesBuildPhase section */

/* Begin PBXTargetDependency section */
		E3960BB527599FBA00BFF33E /* PBXTargetDependency */ = {
			isa = PBXTargetDependency;
			target = E3960B9C27599FB900BFF33E /* RecipeSearch */;
			targetProxy = E3960BB427599FBA00BFF33E /* PBXContainerItemProxy */;
		};
		E3960BC027599FBA00BFF33E /* PBXTargetDependency */ = {
			isa = PBXTargetDependency;
			target = E3960B9C27599FB900BFF33E /* RecipeSearch */;
			targetProxy = E3960BBF27599FBA00BFF33E /* PBXContainerItemProxy */;
		};
/* End PBXTargetDependency section */

/* Begin PBXVariantGroup section */
		E3960BA627599FB900BFF33E /* Main.storyboard */ = {
			isa = PBXVariantGroup;
			children = (
				E3960BA727599FB900BFF33E /* Base */,
			);
			name = Main.storyboard;
			sourceTree = "<group>";
		};
		E3960BAB27599FBA00BFF33E /* LaunchScreen.storyboard */ = {
			isa = PBXVariantGroup;
			children = (
				E3960BAC27599FBA00BFF33E /* Base */,
			);
			name = LaunchScreen.storyboard;
			sourceTree = "<group>";
		};
/* End PBXVariantGroup section */

/* Begin XCBuildConfiguration section */
		E3960BC527599FBA00BFF33E /* Debug */ = {
			isa = XCBuildConfiguration;
			buildSettings = {
				ALWAYS_SEARCH_USER_PATHS = NO;
				CLANG_ANALYZER_NONNULL = YES;
				CLANG_ANALYZER_NUMBER_OBJECT_CONVERSION = YES_AGGRESSIVE;
				CLANG_CXX_LANGUAGE_STANDARD = "gnu++14";
				CLANG_CXX_LIBRARY = "libc++";
				CLANG_ENABLE_MODULES = YES;
				CLANG_ENABLE_OBJC_ARC = YES;
				CLANG_ENABLE_OBJC_WEAK = YES;
				CLANG_WARN_BLOCK_CAPTURE_AUTORELEASING = YES;
				CLANG_WARN_BOOL_CONVERSION = YES;
				CLANG_WARN_COMMA = YES;
				CLANG_WARN_CONSTANT_CONVERSION = YES;
				CLANG_WARN_DEPRECATED_OBJC_IMPLEMENTATIONS = YES;
				CLANG_WARN_DIRECT_OBJC_ISA_USAGE = YES_ERROR;
				CLANG_WARN_DOCUMENTATION_COMMENTS = YES;
				CLANG_WARN_EMPTY_BODY = YES;
				CLANG_WARN_ENUM_CONVERSION = YES;
				CLANG_WARN_INFINITE_RECURSION = YES;
				CLANG_WARN_INT_CONVERSION = YES;
				CLANG_WARN_NON_LITERAL_NULL_CONVERSION = YES;
				CLANG_WARN_OBJC_IMPLICIT_RETAIN_SELF = YES;
				CLANG_WARN_OBJC_LITERAL_CONVERSION = YES;
				CLANG_WARN_OBJC_ROOT_CLASS = YES_ERROR;
				CLANG_WARN_QUOTED_INCLUDE_IN_FRAMEWORK_HEADER = YES;
				CLANG_WARN_RANGE_LOOP_ANALYSIS = YES;
				CLANG_WARN_STRICT_PROTOTYPES = YES;
				CLANG_WARN_SUSPICIOUS_MOVE = YES;
				CLANG_WARN_UNGUARDED_AVAILABILITY = YES_AGGRESSIVE;
				CLANG_WARN_UNREACHABLE_CODE = YES;
				CLANG_WARN__DUPLICATE_METHOD_MATCH = YES;
				COPY_PHASE_STRIP = NO;
				DEBUG_INFORMATION_FORMAT = dwarf;
				ENABLE_STRICT_OBJC_MSGSEND = YES;
				ENABLE_TESTABILITY = YES;
				GCC_C_LANGUAGE_STANDARD = gnu11;
				GCC_DYNAMIC_NO_PIC = NO;
				GCC_NO_COMMON_BLOCKS = YES;
				GCC_OPTIMIZATION_LEVEL = 0;
				GCC_PREPROCESSOR_DEFINITIONS = (
					"DEBUG=1",
					"$(inherited)",
				);
				GCC_WARN_64_TO_32_BIT_CONVERSION = YES;
				GCC_WARN_ABOUT_RETURN_TYPE = YES_ERROR;
				GCC_WARN_UNDECLARED_SELECTOR = YES;
				GCC_WARN_UNINITIALIZED_AUTOS = YES_AGGRESSIVE;
				GCC_WARN_UNUSED_FUNCTION = YES;
				GCC_WARN_UNUSED_VARIABLE = YES;
				IPHONEOS_DEPLOYMENT_TARGET = 14.4;
				MTL_ENABLE_DEBUG_INFO = INCLUDE_SOURCE;
				MTL_FAST_MATH = YES;
				ONLY_ACTIVE_ARCH = YES;
				SDKROOT = iphoneos;
				SWIFT_ACTIVE_COMPILATION_CONDITIONS = DEBUG;
				SWIFT_OPTIMIZATION_LEVEL = "-Onone";
			};
			name = Debug;
		};
		E3960BC627599FBA00BFF33E /* Release */ = {
			isa = XCBuildConfiguration;
			buildSettings = {
				ALWAYS_SEARCH_USER_PATHS = NO;
				CLANG_ANALYZER_NONNULL = YES;
				CLANG_ANALYZER_NUMBER_OBJECT_CONVERSION = YES_AGGRESSIVE;
				CLANG_CXX_LANGUAGE_STANDARD = "gnu++14";
				CLANG_CXX_LIBRARY = "libc++";
				CLANG_ENABLE_MODULES = YES;
				CLANG_ENABLE_OBJC_ARC = YES;
				CLANG_ENABLE_OBJC_WEAK = YES;
				CLANG_WARN_BLOCK_CAPTURE_AUTORELEASING = YES;
				CLANG_WARN_BOOL_CONVERSION = YES;
				CLANG_WARN_COMMA = YES;
				CLANG_WARN_CONSTANT_CONVERSION = YES;
				CLANG_WARN_DEPRECATED_OBJC_IMPLEMENTATIONS = YES;
				CLANG_WARN_DIRECT_OBJC_ISA_USAGE = YES_ERROR;
				CLANG_WARN_DOCUMENTATION_COMMENTS = YES;
				CLANG_WARN_EMPTY_BODY = YES;
				CLANG_WARN_ENUM_CONVERSION = YES;
				CLANG_WARN_INFINITE_RECURSION = YES;
				CLANG_WARN_INT_CONVERSION = YES;
				CLANG_WARN_NON_LITERAL_NULL_CONVERSION = YES;
				CLANG_WARN_OBJC_IMPLICIT_RETAIN_SELF = YES;
				CLANG_WARN_OBJC_LITERAL_CONVERSION = YES;
				CLANG_WARN_OBJC_ROOT_CLASS = YES_ERROR;
				CLANG_WARN_QUOTED_INCLUDE_IN_FRAMEWORK_HEADER = YES;
				CLANG_WARN_RANGE_LOOP_ANALYSIS = YES;
				CLANG_WARN_STRICT_PROTOTYPES = YES;
				CLANG_WARN_SUSPICIOUS_MOVE = YES;
				CLANG_WARN_UNGUARDED_AVAILABILITY = YES_AGGRESSIVE;
				CLANG_WARN_UNREACHABLE_CODE = YES;
				CLANG_WARN__DUPLICATE_METHOD_MATCH = YES;
				COPY_PHASE_STRIP = NO;
				DEBUG_INFORMATION_FORMAT = "dwarf-with-dsym";
				ENABLE_NS_ASSERTIONS = NO;
				ENABLE_STRICT_OBJC_MSGSEND = YES;
				GCC_C_LANGUAGE_STANDARD = gnu11;
				GCC_NO_COMMON_BLOCKS = YES;
				GCC_WARN_64_TO_32_BIT_CONVERSION = YES;
				GCC_WARN_ABOUT_RETURN_TYPE = YES_ERROR;
				GCC_WARN_UNDECLARED_SELECTOR = YES;
				GCC_WARN_UNINITIALIZED_AUTOS = YES_AGGRESSIVE;
				GCC_WARN_UNUSED_FUNCTION = YES;
				GCC_WARN_UNUSED_VARIABLE = YES;
				IPHONEOS_DEPLOYMENT_TARGET = 14.4;
				MTL_ENABLE_DEBUG_INFO = NO;
				MTL_FAST_MATH = YES;
				SDKROOT = iphoneos;
				SWIFT_COMPILATION_MODE = wholemodule;
				SWIFT_OPTIMIZATION_LEVEL = "-O";
				VALIDATE_PRODUCT = YES;
			};
			name = Release;
		};
		E3960BC827599FBA00BFF33E /* Debug */ = {
			isa = XCBuildConfiguration;
			baseConfigurationReference = 2006D32FD8FA7B62A98D568A /* Pods-RecipeSearch.debug.xcconfig */;
			buildSettings = {
				ASSETCATALOG_COMPILER_APPICON_NAME = AppIcon;
				ASSETCATALOG_COMPILER_GLOBAL_ACCENT_COLOR_NAME = AccentColor;
				CODE_SIGN_STYLE = Automatic;
				DEVELOPMENT_TEAM = C47M6LUM8V;
				INFOPLIST_FILE = RecipeSearch/Info.plist;
				IPHONEOS_DEPLOYMENT_TARGET = 11.0;
				LD_RUNPATH_SEARCH_PATHS = (
					"$(inherited)",
					"@executable_path/Frameworks",
				);
				PRODUCT_BUNDLE_IDENTIFIER = softxpert.ios.RecipeSearch;
				PRODUCT_NAME = "$(TARGET_NAME)";
				SWIFT_VERSION = 5.0;
				TARGETED_DEVICE_FAMILY = "1,2";
			};
			name = Debug;
		};
		E3960BC927599FBA00BFF33E /* Release */ = {
			isa = XCBuildConfiguration;
			baseConfigurationReference = 8A7C2D3D7B8AEE02973D5332 /* Pods-RecipeSearch.release.xcconfig */;
			buildSettings = {
				ASSETCATALOG_COMPILER_APPICON_NAME = AppIcon;
				ASSETCATALOG_COMPILER_GLOBAL_ACCENT_COLOR_NAME = AccentColor;
				CODE_SIGN_STYLE = Automatic;
				DEVELOPMENT_TEAM = C47M6LUM8V;
				INFOPLIST_FILE = RecipeSearch/Info.plist;
				IPHONEOS_DEPLOYMENT_TARGET = 11.0;
				LD_RUNPATH_SEARCH_PATHS = (
					"$(inherited)",
					"@executable_path/Frameworks",
				);
				PRODUCT_BUNDLE_IDENTIFIER = softxpert.ios.RecipeSearch;
				PRODUCT_NAME = "$(TARGET_NAME)";
				SWIFT_VERSION = 5.0;
				TARGETED_DEVICE_FAMILY = "1,2";
			};
			name = Release;
		};
		E3960BCB27599FBA00BFF33E /* Debug */ = {
			isa = XCBuildConfiguration;
			baseConfigurationReference = B5D35520BF62450E2765CDAC /* Pods-RecipeSearchTests.debug.xcconfig */;
			buildSettings = {
				ALWAYS_EMBED_SWIFT_STANDARD_LIBRARIES = YES;
				BUNDLE_LOADER = "$(TEST_HOST)";
				CODE_SIGN_STYLE = Automatic;
				DEVELOPMENT_TEAM = C47M6LUM8V;
				INFOPLIST_FILE = RecipeSearchTests/Info.plist;
				IPHONEOS_DEPLOYMENT_TARGET = 14.4;
				LD_RUNPATH_SEARCH_PATHS = (
					"$(inherited)",
					"@executable_path/Frameworks",
					"@loader_path/Frameworks",
				);
				PRODUCT_BUNDLE_IDENTIFIER = softxpert.ios.RecipeSearchTests;
				PRODUCT_NAME = "$(TARGET_NAME)";
				SWIFT_VERSION = 5.0;
				TARGETED_DEVICE_FAMILY = "1,2";
				TEST_HOST = "$(BUILT_PRODUCTS_DIR)/RecipeSearch.app/RecipeSearch";
			};
			name = Debug;
		};
		E3960BCC27599FBA00BFF33E /* Release */ = {
			isa = XCBuildConfiguration;
			baseConfigurationReference = BEB2E5A05722866FCC62BBF7 /* Pods-RecipeSearchTests.release.xcconfig */;
			buildSettings = {
				ALWAYS_EMBED_SWIFT_STANDARD_LIBRARIES = YES;
				BUNDLE_LOADER = "$(TEST_HOST)";
				CODE_SIGN_STYLE = Automatic;
				DEVELOPMENT_TEAM = C47M6LUM8V;
				INFOPLIST_FILE = RecipeSearchTests/Info.plist;
				IPHONEOS_DEPLOYMENT_TARGET = 14.4;
				LD_RUNPATH_SEARCH_PATHS = (
					"$(inherited)",
					"@executable_path/Frameworks",
					"@loader_path/Frameworks",
				);
				PRODUCT_BUNDLE_IDENTIFIER = softxpert.ios.RecipeSearchTests;
				PRODUCT_NAME = "$(TARGET_NAME)";
				SWIFT_VERSION = 5.0;
				TARGETED_DEVICE_FAMILY = "1,2";
				TEST_HOST = "$(BUILT_PRODUCTS_DIR)/RecipeSearch.app/RecipeSearch";
			};
			name = Release;
		};
		E3960BCE27599FBA00BFF33E /* Debug */ = {
			isa = XCBuildConfiguration;
			baseConfigurationReference = 03CD5C00E5678A4BFC8F0A97 /* Pods-RecipeSearch-RecipeSearchUITests.debug.xcconfig */;
			buildSettings = {
				ALWAYS_EMBED_SWIFT_STANDARD_LIBRARIES = YES;
				CODE_SIGN_STYLE = Automatic;
				DEVELOPMENT_TEAM = C47M6LUM8V;
				INFOPLIST_FILE = RecipeSearchUITests/Info.plist;
				LD_RUNPATH_SEARCH_PATHS = (
					"$(inherited)",
					"@executable_path/Frameworks",
					"@loader_path/Frameworks",
				);
				PRODUCT_BUNDLE_IDENTIFIER = softxpert.ios.RecipeSearchUITests;
				PRODUCT_NAME = "$(TARGET_NAME)";
				SWIFT_VERSION = 5.0;
				TARGETED_DEVICE_FAMILY = "1,2";
				TEST_TARGET_NAME = RecipeSearch;
			};
			name = Debug;
		};
		E3960BCF27599FBA00BFF33E /* Release */ = {
			isa = XCBuildConfiguration;
			baseConfigurationReference = D56E02D16BFFDDB8F9ECCBC5 /* Pods-RecipeSearch-RecipeSearchUITests.release.xcconfig */;
			buildSettings = {
				ALWAYS_EMBED_SWIFT_STANDARD_LIBRARIES = YES;
				CODE_SIGN_STYLE = Automatic;
				DEVELOPMENT_TEAM = C47M6LUM8V;
				INFOPLIST_FILE = RecipeSearchUITests/Info.plist;
				LD_RUNPATH_SEARCH_PATHS = (
					"$(inherited)",
					"@executable_path/Frameworks",
					"@loader_path/Frameworks",
				);
				PRODUCT_BUNDLE_IDENTIFIER = softxpert.ios.RecipeSearchUITests;
				PRODUCT_NAME = "$(TARGET_NAME)";
				SWIFT_VERSION = 5.0;
				TARGETED_DEVICE_FAMILY = "1,2";
				TEST_TARGET_NAME = RecipeSearch;
			};
			name = Release;
		};
/* End XCBuildConfiguration section */

/* Begin XCConfigurationList section */
		E3960B9827599FB900BFF33E /* Build configuration list for PBXProject "RecipeSearch" */ = {
			isa = XCConfigurationList;
			buildConfigurations = (
				E3960BC527599FBA00BFF33E /* Debug */,
				E3960BC627599FBA00BFF33E /* Release */,
			);
			defaultConfigurationIsVisible = 0;
			defaultConfigurationName = Release;
		};
		E3960BC727599FBA00BFF33E /* Build configuration list for PBXNativeTarget "RecipeSearch" */ = {
			isa = XCConfigurationList;
			buildConfigurations = (
				E3960BC827599FBA00BFF33E /* Debug */,
				E3960BC927599FBA00BFF33E /* Release */,
			);
			defaultConfigurationIsVisible = 0;
			defaultConfigurationName = Release;
		};
		E3960BCA27599FBA00BFF33E /* Build configuration list for PBXNativeTarget "RecipeSearchTests" */ = {
			isa = XCConfigurationList;
			buildConfigurations = (
				E3960BCB27599FBA00BFF33E /* Debug */,
				E3960BCC27599FBA00BFF33E /* Release */,
			);
			defaultConfigurationIsVisible = 0;
			defaultConfigurationName = Release;
		};
		E3960BCD27599FBA00BFF33E /* Build configuration list for PBXNativeTarget "RecipeSearchUITests" */ = {
			isa = XCConfigurationList;
			buildConfigurations = (
				E3960BCE27599FBA00BFF33E /* Debug */,
				E3960BCF27599FBA00BFF33E /* Release */,
			);
			defaultConfigurationIsVisible = 0;
			defaultConfigurationName = Release;
		};
/* End XCConfigurationList section */
	};
	rootObject = E3960B9527599FB900BFF33E /* Project object */;
}
